
Microsoft Visual Studio Solution File, Format Version 12.00
# Visual Studio 2012
Project("{8BC9CEB8-8B4A-11D0-8D11-00A0C91BC942}") = "DatvExpressServerApp", "DatvExpressServerApp\DatvExpressServerApp.vcxproj", "{8976350A-9AD6-4AD8-95BF-731E780F8BD1}"
EndProject
Global
	GlobalSection(SolutionConfigurationPlatforms) = preSolution
		Debug|Win32 = Debug|Win32
		Release|Win32 = Release|Win32
	EndGlobalSection
	GlobalSection(ProjectConfigurationPlatforms) = postSolution
		{8976350A-9AD6-4AD8-95BF-731E780F8BD1}.Debug|Win32.ActiveCfg = Debug|Win32
		{8976350A-9AD6-4AD8-95BF-731E780F8BD1}.Debug|Win32.Build.0 = Debug|Win32
		{8976350A-9AD6-4AD8-95BF-731E780F8BD1}.Release|Win32.ActiveCfg = Release|Win32
		{8976350A-9AD6-4AD8-95BF-731E780F8BD1}.Release|Win32.Build.0 = Release|Win32
	EndGlobalSection
	GlobalSection(SolutionProperties) = preSolution
		HideSolutionNode = FALSE
	EndGlobalSection
	GlobalSection(Performance) = preSolution
		HasPerformanceSessions = true
	EndGlobalSection
EndGlobal
